
Microsoft Visual Studio Solution File, Format Version 12.00
# Visual Studio 15
VisualStudioVersion = 15.0.28307.1525
MinimumVisualStudioVersion = 10.0.40219.1
Project("{FAE04EC0-301F-11D3-BF4B-00C04F79EFBC}") = "selParallelTest", "selParallelTest\selParallelTest.csproj", "{53E4CC7E-3F65-4E5F-B81B-8CA8BDEF59C9}"
EndProject
Global
	GlobalSection(SolutionConfigurationPlatforms) = preSolution
		Debug|Any CPU = Debug|Any CPU
		Release|Any CPU = Release|Any CPU
	EndGlobalSection
	GlobalSection(ProjectConfigurationPlatforms) = postSolution
		{53E4CC7E-3F65-4E5F-B81B-8CA8BDEF59C9}.Debug|Any CPU.ActiveCfg = Debug|Any CPU
		{53E4CC7E-3F65-4E5F-B81B-8CA8BDEF59C9}.Debug|Any CPU.Build.0 = Debug|Any CPU
		{53E4CC7E-3F65-4E5F-B81B-8CA8BDEF59C9}.Release|Any CPU.ActiveCfg = Release|Any CPU
		{53E4CC7E-3F65-4E5F-B81B-8CA8BDEF59C9}.Release|Any CPU.Build.0 = Release|Any CPU
	EndGlobalSection
	GlobalSection(SolutionProperties) = preSolution
		HideSolutionNode = FALSE
	EndGlobalSection
	GlobalSection(ExtensibilityGlobals) = postSolution
		SolutionGuid = {3584F3A1-1682-4984-AABA-9D7ADDE3691D}
	EndGlobalSection
EndGlobal
